{
  "originHash" : "387891149184c0b7da0c1228f35f02bf7bbbcec4654e973928a56c458ca97ddb",
  "pins" : [
    {
      "identity" : "handyswift",
      "kind" : "remoteSourceControl",
      "location" : "https://github.com/FlineDev/HandySwift.git",
      "state" : {
        "revision" : "80f7f0845196388d423ac3e21864585d2e38ed87",
        "version" : "4.4.0"
      }
    }
  ],
  "version" : 3
}
