{
  "pins" : [
    {
      "identity" : "handyswift",
      "kind" : "remoteSourceControl",
      "location" : "https://github.com/FlineDev/HandySwift.git",
      "state" : {
        "branch" : "main",
        "revision" : "2f054f427a73f78835e8d7327e3d1eb3ff169ad8"
      }
    }
  ],
  "version" : 2
}
