{
  "originHash" : "e36a5c8f6d235ea9fc5cb60d89bf61bfc85193db03674fe4ad2e3f0276cddea5",
  "pins" : [
    {
      "identity" : "handyswift",
      "kind" : "remoteSourceControl",
      "location" : "https://github.com/FlineDev/HandySwift.git",
      "state" : {
        "revision" : "20b51652a71eca85c6c5502aac870c6708fa148b",
        "version" : "4.3.0"
      }
    }
  ],
  "version" : 3
}
